{
  "originHash" : "9cae5095074649ea6532f9ac9bcd8ae5e0cf6922e43f026c5e4aa2023f51d35e",
  "pins" : [
    {
      "identity" : "swift-json",
      "kind" : "remoteSourceControl",
      "location" : "https://github.com/vsmbd/swift-json.git",
      "state" : {
        "branch" : "main",
        "revision" : "bf40e60dc2b57f1a7b131a4b6d38de57e426355a"
      }
    }
  ],
  "version" : 3
}
